# THIS IS AN AUTOGENERATED FILE. DO NOT EDIT THIS FILE DIRECTLY.
# yarn lockfile v1


jose@^4.10.3:
  version "4.10.3"
  resolved "https://registry.yarnpkg.com/jose/-/jose-4.10.3.tgz#36ffeae395f14624a99961db6ada957476eccb19"
  integrity sha512-3S4wQnaoJKSAx9uHSoyf8B/lxjs1qCntHWL6wNFszJazo+FtWe+qD0zVfY0BlqJ5HHK4jcnM98k3BQzVLbzE4g==
